
Microsoft Visual Studio Solution File, Format Version 12.00
# Visual Studio Version 17
VisualStudioVersion = 17.8.34309.116
MinimumVisualStudioVersion = 10.0.40219.1
Project("{FAE04EC0-301F-11D3-BF4B-00C04F79EFBC}") = "PLCVirtual_NModbusMultipleSlave", "PLCVirtual_NModbusMultipleSlave\PLCVirtual_NModbusMultipleSlave.csproj", "{0A853D7F-DE23-37B8-32B0-AA1F3B775668}"
EndProject
Global
	GlobalSection(SolutionConfigurationPlatforms) = preSolution
		Debug|Any CPU = Debug|Any CPU
		Release|Any CPU = Release|Any CPU
	EndGlobalSection
	GlobalSection(ProjectConfigurationPlatforms) = postSolution
		{0A853D7F-DE23-37B8-32B0-AA1F3B775668}.Debug|Any CPU.ActiveCfg = Debug|Any CPU
		{0A853D7F-DE23-37B8-32B0-AA1F3B775668}.Debug|Any CPU.Build.0 = Debug|Any CPU
		{0A853D7F-DE23-37B8-32B0-AA1F3B775668}.Release|Any CPU.ActiveCfg = Release|Any CPU
		{0A853D7F-DE23-37B8-32B0-AA1F3B775668}.Release|Any CPU.Build.0 = Release|Any CPU
	EndGlobalSection
	GlobalSection(SolutionProperties) = preSolution
		HideSolutionNode = FALSE
	EndGlobalSection
	GlobalSection(ExtensibilityGlobals) = postSolution
		SolutionGuid = {E6E5D271-9A08-4058-84DD-5E9B6FE133A5}
	EndGlobalSection
EndGlobal
